
Microsoft Visual Studio Solution File, Format Version 12.00
# Visual Studio Version 17
VisualStudioVersion = 17.4.33205.214
MinimumVisualStudioVersion = 10.0.40219.1
Project("{FAE04EC0-301F-11D3-BF4B-00C04F79EFBC}") = "VotingPolls", "VotingPolls\VotingPolls.csproj", "{8F5C12CD-A1F8-4F5E-BD52-80756DC41E40}"
EndProject
Global
	GlobalSection(SolutionConfigurationPlatforms) = preSolution
		Debug|Any CPU = Debug|Any CPU
		Release|Any CPU = Release|Any CPU
	EndGlobalSection
	GlobalSection(ProjectConfigurationPlatforms) = postSolution
		{8F5C12CD-A1F8-4F5E-BD52-80756DC41E40}.Debug|Any CPU.ActiveCfg = Debug|Any CPU
		{8F5C12CD-A1F8-4F5E-BD52-80756DC41E40}.Debug|Any CPU.Build.0 = Debug|Any CPU
		{8F5C12CD-A1F8-4F5E-BD52-80756DC41E40}.Release|Any CPU.ActiveCfg = Release|Any CPU
		{8F5C12CD-A1F8-4F5E-BD52-80756DC41E40}.Release|Any CPU.Build.0 = Release|Any CPU
	EndGlobalSection
	GlobalSection(SolutionProperties) = preSolution
		HideSolutionNode = FALSE
	EndGlobalSection
	GlobalSection(ExtensibilityGlobals) = postSolution
		SolutionGuid = {C8F2568B-0397-4DD3-A2B4-34345BB10982}
	EndGlobalSection
EndGlobal
